
Microsoft Visual Studio Solution File, Format Version 12.00
# Visual Studio Version 16
VisualStudioVersion = 16.0.31112.23
MinimumVisualStudioVersion = 10.0.40219.1
Project("{FAE04EC0-301F-11D3-BF4B-00C04F79EFBC}") = "KahveSirketleriSimülasyon", "KahveSirketleriSimülasyon\KahveSirketleriSimülasyon.csproj", "{249C34A8-92E4-4086-B80B-A12E08DFAAED}"
EndProject
Global
	GlobalSection(SolutionConfigurationPlatforms) = preSolution
		Debug|Any CPU = Debug|Any CPU
		Release|Any CPU = Release|Any CPU
	EndGlobalSection
	GlobalSection(ProjectConfigurationPlatforms) = postSolution
		{249C34A8-92E4-4086-B80B-A12E08DFAAED}.Debug|Any CPU.ActiveCfg = Debug|Any CPU
		{249C34A8-92E4-4086-B80B-A12E08DFAAED}.Debug|Any CPU.Build.0 = Debug|Any CPU
		{249C34A8-92E4-4086-B80B-A12E08DFAAED}.Release|Any CPU.ActiveCfg = Release|Any CPU
		{249C34A8-92E4-4086-B80B-A12E08DFAAED}.Release|Any CPU.Build.0 = Release|Any CPU
	EndGlobalSection
	GlobalSection(SolutionProperties) = preSolution
		HideSolutionNode = FALSE
	EndGlobalSection
	GlobalSection(ExtensibilityGlobals) = postSolution
		SolutionGuid = {30270C96-F650-4756-A859-E20CF9FB9279}
	EndGlobalSection
EndGlobal
